
Microsoft Visual Studio Solution File, Format Version 12.00
# Visual Studio Version 17
VisualStudioVersion = 17.0.32112.339
MinimumVisualStudioVersion = 10.0.40219.1
Project("{9A19103F-16F7-4668-BE54-9A1E7A4F7556}") = "BayraktarGameBot", "BayraktarGameBot\BayraktarGameBot.csproj", "{D5C3EC65-8DCA-469F-AFB5-C1C3F5DABAD1}"
EndProject
Project("{E53339B2-1760-4266-BCC7-CA923CBCF16C}") = "docker-compose", "docker-compose.dcproj", "{E6857105-1F8E-47DA-BDED-364542C8038A}"
EndProject
Global
	GlobalSection(SolutionConfigurationPlatforms) = preSolution
		Debug|Any CPU = Debug|Any CPU
		Release|Any CPU = Release|Any CPU
	EndGlobalSection
	GlobalSection(ProjectConfigurationPlatforms) = postSolution
		{D5C3EC65-8DCA-469F-AFB5-C1C3F5DABAD1}.Debug|Any CPU.ActiveCfg = Debug|Any CPU
		{D5C3EC65-8DCA-469F-AFB5-C1C3F5DABAD1}.Debug|Any CPU.Build.0 = Debug|Any CPU
		{D5C3EC65-8DCA-469F-AFB5-C1C3F5DABAD1}.Release|Any CPU.ActiveCfg = Release|Any CPU
		{D5C3EC65-8DCA-469F-AFB5-C1C3F5DABAD1}.Release|Any CPU.Build.0 = Release|Any CPU
		{E6857105-1F8E-47DA-BDED-364542C8038A}.Debug|Any CPU.ActiveCfg = Debug|Any CPU
		{E6857105-1F8E-47DA-BDED-364542C8038A}.Debug|Any CPU.Build.0 = Debug|Any CPU
		{E6857105-1F8E-47DA-BDED-364542C8038A}.Release|Any CPU.ActiveCfg = Release|Any CPU
		{E6857105-1F8E-47DA-BDED-364542C8038A}.Release|Any CPU.Build.0 = Release|Any CPU
	EndGlobalSection
	GlobalSection(SolutionProperties) = preSolution
		HideSolutionNode = FALSE
	EndGlobalSection
	GlobalSection(ExtensibilityGlobals) = postSolution
		SolutionGuid = {4DF4349F-D2A8-4B24-B606-98DEA4898FA3}
	EndGlobalSection
EndGlobal
